
Microsoft Visual Studio Solution File, Format Version 12.00
# Visual Studio 15
VisualStudioVersion = 15.0.27004.2008
MinimumVisualStudioVersion = 10.0.40219.1
Project("{FAE04EC0-301F-11D3-BF4B-00C04F79EFBC}") = "MathExtended.ComplexNumbers", "MathExtended.ComplexNumbers\MathExtended.ComplexNumbers.csproj", "{7CEA513A-AFEB-4389-B805-56DF6C3375DD}"
EndProject
Project("{FAE04EC0-301F-11D3-BF4B-00C04F79EFBC}") = "MathExtended.ComplexNumbersTest", "MathExtended.ComplexNumbersTest\MathExtended.ComplexNumbersTest.csproj", "{11CC0F51-4B86-4D30-8770-21A66792876F}"
EndProject
Global
	GlobalSection(SolutionConfigurationPlatforms) = preSolution
		Debug|Any CPU = Debug|Any CPU
		Release|Any CPU = Release|Any CPU
	EndGlobalSection
	GlobalSection(ProjectConfigurationPlatforms) = postSolution
		{7CEA513A-AFEB-4389-B805-56DF6C3375DD}.Debug|Any CPU.ActiveCfg = Debug|Any CPU
		{7CEA513A-AFEB-4389-B805-56DF6C3375DD}.Debug|Any CPU.Build.0 = Debug|Any CPU
		{7CEA513A-AFEB-4389-B805-56DF6C3375DD}.Release|Any CPU.ActiveCfg = Release|Any CPU
		{7CEA513A-AFEB-4389-B805-56DF6C3375DD}.Release|Any CPU.Build.0 = Release|Any CPU
		{11CC0F51-4B86-4D30-8770-21A66792876F}.Debug|Any CPU.ActiveCfg = Debug|Any CPU
		{11CC0F51-4B86-4D30-8770-21A66792876F}.Debug|Any CPU.Build.0 = Debug|Any CPU
		{11CC0F51-4B86-4D30-8770-21A66792876F}.Release|Any CPU.ActiveCfg = Release|Any CPU
		{11CC0F51-4B86-4D30-8770-21A66792876F}.Release|Any CPU.Build.0 = Release|Any CPU
	EndGlobalSection
	GlobalSection(SolutionProperties) = preSolution
		HideSolutionNode = FALSE
	EndGlobalSection
	GlobalSection(ExtensibilityGlobals) = postSolution
		SolutionGuid = {74BC1C5E-2BDB-4353-B458-0208FCCDAED5}
	EndGlobalSection
EndGlobal
